
Microsoft Visual Studio Solution File, Format Version 12.00
# Visual Studio Version 16
VisualStudioVersion = 16.0.29001.49
MinimumVisualStudioVersion = 10.0.40219.1
Project("{FAE04EC0-301F-11D3-BF4B-00C04F79EFBC}") = "FTS", "FTS.csproj", "{009CFE69-6116-4BDC-90E5-E51F2C60CE03}"
EndProject
Global
	GlobalSection(SolutionConfigurationPlatforms) = preSolution
		Debug|Any CPU = Debug|Any CPU
		Release|Any CPU = Release|Any CPU
	EndGlobalSection
	GlobalSection(ProjectConfigurationPlatforms) = postSolution
		{009CFE69-6116-4BDC-90E5-E51F2C60CE03}.Debug|Any CPU.ActiveCfg = Debug|Any CPU
		{009CFE69-6116-4BDC-90E5-E51F2C60CE03}.Debug|Any CPU.Build.0 = Debug|Any CPU
		{009CFE69-6116-4BDC-90E5-E51F2C60CE03}.Release|Any CPU.ActiveCfg = Release|Any CPU
		{009CFE69-6116-4BDC-90E5-E51F2C60CE03}.Release|Any CPU.Build.0 = Release|Any CPU
	EndGlobalSection
	GlobalSection(SolutionProperties) = preSolution
		HideSolutionNode = FALSE
	EndGlobalSection
	GlobalSection(ExtensibilityGlobals) = postSolution
		SolutionGuid = {EEC453AD-7BD1-40FC-9799-82A80A0F72F8}
	EndGlobalSection
EndGlobal
